// !$*UTF8*$!
{
	archiveVersion = 1;
	classes = {
	};
	objectVersion = 46;
	objects = {

/* Begin PBXBuildFile section */
		A9302DAC1B0E055800DCCC20 /* AppDelegate.swift in Sources */ = {isa = PBXBuildFile; fileRef = A9302DAB1B0E055800DCCC20 /* AppDelegate.swift */; };
		A9302DAE1B0E055800DCCC20 /* ViewController.swift in Sources */ = {isa = PBXBuildFile; fileRef = A9302DAD1B0E055800DCCC20 /* ViewController.swift */; };
		A9302DB11B0E055800DCCC20 /* Main.storyboard in Resources */ = {isa = PBXBuildFile; fileRef = A9302DAF1B0E055800DCCC20 /* Main.storyboard */; };
		A9302DB31B0E055800DCCC20 /* Images.xcassets in Resources */ = {isa = PBXBuildFile; fileRef = A9302DB21B0E055800DCCC20 /* Images.xcassets */; };
		A9302DB61B0E055800DCCC20 /* LaunchScreen.xib in Resources */ = {isa = PBXBuildFile; fileRef = A9302DB41B0E055800DCCC20 /* LaunchScreen.xib */; };
		A9302DC21B0E055900DCCC20 /* SizeClassesTests.swift in Sources */ = {isa = PBXBuildFile; fileRef = A9302DC11B0E055900DCCC20 /* SizeClassesTests.swift */; };
/* End PBXBuildFile section */

/* Begin PBXContainerItemProxy section */
		A9302DBC1B0E055900DCCC20 /* PBXContainerItemProxy */ = {
			isa = PBXContainerItemProxy;
			containerPortal = A9302D9E1B0E055800DCCC20 /* Project object */;
			proxyType = 1;
			remoteGlobalIDString = A9302DA51B0E055800DCCC20;
			remoteInfo = SizeClasses;
		};
/* End PBXContainerItemProxy section */

/* Begin PBXFileReference section */
		A9302DA61B0E055800DCCC20 /* SizeClasses.app */ = {isa = PBXFileReference; explicitFileType = wrapper.application; includeInIndex = 0; path = SizeClasses.app; sourceTree = BUILT_PRODUCTS_DIR; };
		A9302DAA1B0E055800DCCC20 /* Info.plist */ = {isa = PBXFileReference; lastKnownFileType = text.plist.xml; path = Info.plist; sourceTree = "<group>"; };
		A9302DAB1B0E055800DCCC20 /* AppDelegate.swift */ = {isa = PBXFileReference; lastKnownFileType = sourcecode.swift; path = AppDelegate.swift; sourceTree = "<group>"; };
		A9302DAD1B0E055800DCCC20 /* ViewController.swift */ = {isa = PBXFileReference; lastKnownFileType = sourcecode.swift; path = ViewController.swift; sourceTree = "<group>"; };
		A9302DB01B0E055800DCCC20 /* Base */ = {isa = PBXFileReference; lastKnownFileType = file.storyboard; name = Base; path = Base.lproj/Main.storyboard; sourceTree = "<group>"; };
		A9302DB21B0E055800DCCC20 /* Images.xcassets */ = {isa = PBXFileReference; lastKnownFileType = folder.assetcatalog; path = Images.xcassets; sourceTree = "<group>"; };
		A9302DB51B0E055800DCCC20 /* Base */ = {isa = PBXFileReference; lastKnownFileType = file.xib; name = Base; path = Base.lproj/LaunchScreen.xib; sourceTree = "<group>"; };
		A9302DBB1B0E055900DCCC20 /* SizeClassesTests.xctest */ = {isa = PBXFileReference; explicitFileType = wrapper.cfbundle; includeInIndex = 0; path = SizeClassesTests.xctest; sourceTree = BUILT_PRODUCTS_DIR; };
		A9302DC01B0E055900DCCC20 /* Info.plist */ = {isa = PBXFileReference; lastKnownFileType = text.plist.xml; path = Info.plist; sourceTree = "<group>"; };
		A9302DC11B0E055900DCCC20 /* SizeClassesTests.swift */ = {isa = PBXFileReference; lastKnownFileType = sourcecode.swift; path = SizeClassesTests.swift; sourceTree = "<group>"; };
/* End PBXFileReference section */

/* Begin PBXFrameworksBuildPhase section */
		A9302DA31B0E055800DCCC20 /* Frameworks */ = {
			isa = PBXFrameworksBuildPhase;
			buildActionMask = 2147483647;
			files = (
			);
			runOnlyForDeploymentPostprocessing = 0;
		};
		A9302DB81B0E055900DCCC20 /* Frameworks */ = {
			isa = PBXFrameworksBuildPhase;
			buildActionMask = 2147483647;
			files = (
			);
			runOnlyForDeploymentPostprocessing = 0;
		};
/* End PBXFrameworksBuildPhase section */

/* Begin PBXGroup section */
		A9302D9D1B0E055800DCCC20 = {
			isa = PBXGroup;
			children = (
				A9302DA81B0E055800DCCC20 /* SizeClasses */,
				A9302DBE1B0E055900DCCC20 /* SizeClassesTests */,
				A9302DA71B0E055800DCCC20 /* Products */,
			);
			sourceTree = "<group>";
		};
		A9302DA71B0E055800DCCC20 /* Products */ = {
			isa = PBXGroup;
			children = (
				A9302DA61B0E055800DCCC20 /* SizeClasses.app */,
				A9302DBB1B0E055900DCCC20 /* SizeClassesTests.xctest */,
			);
			name = Products;
			sourceTree = "<group>";
		};
		A9302DA81B0E055800DCCC20 /* SizeClasses */ = {
			isa = PBXGroup;
			children = (
				A9302DAB1B0E055800DCCC20 /* AppDelegate.swift */,
				A9302DAD1B0E055800DCCC20 /* ViewController.swift */,
				A9302DAF1B0E055800DCCC20 /* Main.storyboard */,
				A9302DB21B0E055800DCCC20 /* Images.xcassets */,
				A9302DB41B0E055800DCCC20 /* LaunchScreen.xib */,
				A9302DA91B0E055800DCCC20 /* Supporting Files */,
			);
			path = SizeClasses;
			sourceTree = "<group>";
		};
		A9302DA91B0E055800DCCC20 /* Supporting Files */ = {
			isa = PBXGroup;
			children = (
				A9302DAA1B0E055800DCCC20 /* Info.plist */,
			);
			name = "Supporting Files";
			sourceTree = "<group>";
		};
		A9302DBE1B0E055900DCCC20 /* SizeClassesTests */ = {
			isa = PBXGroup;
			children = (
				A9302DC11B0E055900DCCC20 /* SizeClassesTests.swift */,
				A9302DBF1B0E055900DCCC20 /* Supporting Files */,
			);
			path = SizeClassesTests;
			sourceTree = "<group>";
		};
		A9302DBF1B0E055900DCCC20 /* Supporting Files */ = {
			isa = PBXGroup;
			children = (
				A9302DC01B0E055900DCCC20 /* Info.plist */,
			);
			name = "Supporting Files";
			sourceTree = "<group>";
		};
/* End PBXGroup section */

/* Begin PBXNativeTarget section */
		A9302DA51B0E055800DCCC20 /* SizeClasses */ = {
			isa = PBXNativeTarget;
			buildConfigurationList = A9302DC51B0E055900DCCC20 /* Build configuration list for PBXNativeTarget "SizeClasses" */;
			buildPhases = (
				A9302DA21B0E055800DCCC20 /* Sources */,
				A9302DA31B0E055800DCCC20 /* Frameworks */,
				A9302DA41B0E055800DCCC20 /* Resources */,
			);
			buildRules = (
			);
			dependencies = (
			);
			name = SizeClasses;
			productName = SizeClasses;
			productReference = A9302DA61B0E055800DCCC20 /* SizeClasses.app */;
			productType = "com.apple.product-type.application";
		};
		A9302DBA1B0E055900DCCC20 /* SizeClassesTests */ = {
			isa = PBXNativeTarget;
			buildConfigurationList = A9302DC81B0E055900DCCC20 /* Build configuration list for PBXNativeTarget "SizeClassesTests" */;
			buildPhases = (
				A9302DB71B0E055900DCCC20 /* Sources */,
				A9302DB81B0E055900DCCC20 /* Frameworks */,
				A9302DB91B0E055900DCCC20 /* Resources */,
			);
			buildRules = (
			);
			dependencies = (
				A9302DBD1B0E055900DCCC20 /* PBXTargetDependency */,
			);
			name = SizeClassesTests;
			productName = SizeClassesTests;
			productReference = A9302DBB1B0E055900DCCC20 /* SizeClassesTests.xctest */;
			productType = "com.apple.product-type.bundle.unit-test";
		};
/* End PBXNativeTarget section */

/* Begin PBXProject section */
		A9302D9E1B0E055800DCCC20 /* Project object */ = {
			isa = PBXProject;
			attributes = {
				LastUpgradeCheck = 0620;
				ORGANIZATIONNAME = Twig;
				TargetAttributes = {
					A9302DA51B0E055800DCCC20 = {
						CreatedOnToolsVersion = 6.2;
					};
					A9302DBA1B0E055900DCCC20 = {
						CreatedOnToolsVersion = 6.2;
						TestTargetID = A9302DA51B0E055800DCCC20;
					};
				};
			};
			buildConfigurationList = A9302DA11B0E055800DCCC20 /* Build configuration list for PBXProject "SizeClasses" */;
			compatibilityVersion = "Xcode 3.2";
			developmentRegion = English;
			hasScannedForEncodings = 0;
			knownRegions = (
				en,
				Base,
			);
			mainGroup = A9302D9D1B0E055800DCCC20;
			productRefGroup = A9302DA71B0E055800DCCC20 /* Products */;
			projectDirPath = "";
			projectRoot = "";
			targets = (
				A9302DA51B0E055800DCCC20 /* SizeClasses */,
				A9302DBA1B0E055900DCCC20 /* SizeClassesTests */,
			);
		};
/* End PBXProject section */

/* Begin PBXResourcesBuildPhase section */
		A9302DA41B0E055800DCCC20 /* Resources */ = {
			isa = PBXResourcesBuildPhase;
			buildActionMask = 2147483647;
			files = (
				A9302DB11B0E055800DCCC20 /* Main.storyboard in Resources */,
				A9302DB61B0E055800DCCC20 /* LaunchScreen.xib in Resources */,
				A9302DB31B0E055800DCCC20 /* Images.xcassets in Resources */,
			);
			runOnlyForDeploymentPostprocessing = 0;
		};
		A9302DB91B0E055900DCCC20 /* Resources */ = {
			isa = PBXResourcesBuildPhase;
			buildActionMask = 2147483647;
			files = (
			);
			runOnlyForDeploymentPostprocessing = 0;
		};
/* End PBXResourcesBuildPhase section */

/* Begin PBXSourcesBuildPhase section */
		A9302DA21B0E055800DCCC20 /* Sources */ = {
			isa = PBXSourcesBuildPhase;
			buildActionMask = 2147483647;
			files = (
				A9302DAE1B0E055800DCCC20 /* ViewController.swift in Sources */,
				A9302DAC1B0E055800DCCC20 /* AppDelegate.swift in Sources */,
			);
			runOnlyForDeploymentPostprocessing = 0;
		};
		A9302DB71B0E055900DCCC20 /* Sources */ = {
			isa = PBXSourcesBuildPhase;
			buildActionMask = 2147483647;
			files = (
				A9302DC21B0E055900DCCC20 /* SizeClassesTests.swift in Sources */,
			);
			runOnlyForDeploymentPostprocessing = 0;
		};
/* End PBXSourcesBuildPhase section */

/* Begin PBXTargetDependency section */
		A9302DBD1B0E055900DCCC20 /* PBXTargetDependency */ = {
			isa = PBXTargetDependency;
			target = A9302DA51B0E055800DCCC20 /* SizeClasses */;
			targetProxy = A9302DBC1B0E055900DCCC20 /* PBXContainerItemProxy */;
		};
/* End PBXTargetDependency section */

/* Begin PBXVariantGroup section */
		A9302DAF1B0E055800DCCC20 /* Main.storyboard */ = {
			isa = PBXVariantGroup;
			children = (
				A9302DB01B0E055800DCCC20 /* Base */,
			);
			name = Main.storyboard;
			sourceTree = "<group>";
		};
		A9302DB41B0E055800DCCC20 /* LaunchScreen.xib */ = {
			isa = PBXVariantGroup;
			children = (
				A9302DB51B0E055800DCCC20 /* Base */,
			);
			name = LaunchScreen.xib;
			sourceTree = "<group>";
		};
/* End PBXVariantGroup section */

/* Begin XCBuildConfiguration section */
		A9302DC31B0E055900DCCC20 /* Debug */ = {
			isa = XCBuildConfiguration;
			buildSettings = {
				ALWAYS_SEARCH_USER_PATHS = NO;
				CLANG_CXX_LANGUAGE_STANDARD = "gnu++0x";
				CLANG_CXX_LIBRARY = "libc++";
				CLANG_ENABLE_MODULES = YES;
				CLANG_ENABLE_OBJC_ARC = YES;
				CLANG_WARN_BOOL_CONVERSION = YES;
				CLANG_WARN_CONSTANT_CONVERSION = YES;
				CLANG_WARN_DIRECT_OBJC_ISA_USAGE = YES_ERROR;
				CLANG_WARN_EMPTY_BODY = YES;
				CLANG_WARN_ENUM_CONVERSION = YES;
				CLANG_WARN_INT_CONVERSION = YES;
				CLANG_WARN_OBJC_ROOT_CLASS = YES_ERROR;
				CLANG_WARN_UNREACHABLE_CODE = YES;
				CLANG_WARN__DUPLICATE_METHOD_MATCH = YES;
				"CODE_SIGN_IDENTITY[sdk=iphoneos*]" = "iPhone Developer";
				COPY_PHASE_STRIP = NO;
				ENABLE_STRICT_OBJC_MSGSEND = YES;
				GCC_C_LANGUAGE_STANDARD = gnu99;
				GCC_DYNAMIC_NO_PIC = NO;
				GCC_OPTIMIZATION_LEVEL = 0;
				GCC_PREPROCESSOR_DEFINITIONS = (
					"DEBUG=1",
					"$(inherited)",
				);
				GCC_SYMBOLS_PRIVATE_EXTERN = NO;
				GCC_WARN_64_TO_32_BIT_CONVERSION = YES;
				GCC_WARN_ABOUT_RETURN_TYPE = YES_ERROR;
				GCC_WARN_UNDECLARED_SELECTOR = YES;
				GCC_WARN_UNINITIALIZED_AUTOS = YES_AGGRESSIVE;
				GCC_WARN_UNUSED_FUNCTION = YES;
				GCC_WARN_UNUSED_VARIABLE = YES;
				IPHONEOS_DEPLOYMENT_TARGET = 8.2;
				MTL_ENABLE_DEBUG_INFO = YES;
				ONLY_ACTIVE_ARCH = YES;
				SDKROOT = iphoneos;
				SWIFT_OPTIMIZATION_LEVEL = "-Onone";
				TARGETED_DEVICE_FAMILY = "1,2";
			};
			name = Debug;
		};
		A9302DC41B0E055900DCCC20 /* Release */ = {
			isa = XCBuildConfiguration;
			buildSettings = {
				ALWAYS_SEARCH_USER_PATHS = NO;
				CLANG_CXX_LANGUAGE_STANDARD = "gnu++0x";
				CLANG_CXX_LIBRARY = "libc++";
				CLANG_ENABLE_MODULES = YES;
				CLANG_ENABLE_OBJC_ARC = YES;
				CLANG_WARN_BOOL_CONVERSION = YES;
				CLANG_WARN_CONSTANT_CONVERSION = YES;
				CLANG_WARN_DIRECT_OBJC_ISA_USAGE = YES_ERROR;
				CLANG_WARN_EMPTY_BODY = YES;
				CLANG_WARN_ENUM_CONVERSION = YES;
				CLANG_WARN_INT_CONVERSION = YES;
				CLANG_WARN_OBJC_ROOT_CLASS = YES_ERROR;
				CLANG_WARN_UNREACHABLE_CODE = YES;
				CLANG_WARN__DUPLICATE_METHOD_MATCH = YES;
				"CODE_SIGN_IDENTITY[sdk=iphoneos*]" = "iPhone Developer";
				COPY_PHASE_STRIP = NO;
				ENABLE_NS_ASSERTIONS = NO;
				ENABLE_STRICT_OBJC_MSGSEND = YES;
				GCC_C_LANGUAGE_STANDARD = gnu99;
				GCC_WARN_64_TO_32_BIT_CONVERSION = YES;
				GCC_WARN_ABOUT_RETURN_TYPE = YES_ERROR;
				GCC_WARN_UNDECLARED_SELECTOR = YES;
				GCC_WARN_UNINITIALIZED_AUTOS = YES_AGGRESSIVE;
				GCC_WARN_UNUSED_FUNCTION = YES;
				GCC_WARN_UNUSED_VARIABLE = YES;
				IPHONEOS_DEPLOYMENT_TARGET = 8.2;
				MTL_ENABLE_DEBUG_INFO = NO;
				SDKROOT = iphoneos;
				TARGETED_DEVICE_FAMILY = "1,2";
				VALIDATE_PRODUCT = YES;
			};
			name = Release;
		};
		A9302DC61B0E055900DCCC20 /* Debug */ = {
			isa = XCBuildConfiguration;
			buildSettings = {
				ASSETCATALOG_COMPILER_APPICON_NAME = AppIcon;
				INFOPLIST_FILE = SizeClasses/Info.plist;
				LD_RUNPATH_SEARCH_PATHS = "$(inherited) @executable_path/Frameworks";
				PRODUCT_NAME = "$(TARGET_NAME)";
			};
			name = Debug;
		};
		A9302DC71B0E055900DCCC20 /* Release */ = {
			isa = XCBuildConfiguration;
			buildSettings = {
				ASSETCATALOG_COMPILER_APPICON_NAME = AppIcon;
				INFOPLIST_FILE = SizeClasses/Info.plist;
				LD_RUNPATH_SEARCH_PATHS = "$(inherited) @executable_path/Frameworks";
				PRODUCT_NAME = "$(TARGET_NAME)";
			};
			name = Release;
		};
		A9302DC91B0E055900DCCC20 /* Debug */ = {
			isa = XCBuildConfiguration;
			buildSettings = {
				BUNDLE_LOADER = "$(TEST_HOST)";
				FRAMEWORK_SEARCH_PATHS = (
					"$(SDKROOT)/Developer/Library/Frameworks",
					"$(inherited)",
				);
				GCC_PREPROCESSOR_DEFINITIONS = (
					"DEBUG=1",
					"$(inherited)",
				);
				INFOPLIST_FILE = SizeClassesTests/Info.plist;
				LD_RUNPATH_SEARCH_PATHS = "$(inherited) @executable_path/Frameworks @loader_path/Frameworks";
				PRODUCT_NAME = "$(TARGET_NAME)";
				TEST_HOST = "$(BUILT_PRODUCTS_DIR)/SizeClasses.app/SizeClasses";
			};
			name = Debug;
		};
		A9302DCA1B0E055900DCCC20 /* Release */ = {
			isa = XCBuildConfiguration;
			buildSettings = {
				BUNDLE_LOADER = "$(TEST_HOST)";
				FRAMEWORK_SEARCH_PATHS = (
					"$(SDKROOT)/Developer/Library/Frameworks",
					"$(inherited)",
				);
				INFOPLIST_FILE = SizeClassesTests/Info.plist;
				LD_RUNPATH_SEARCH_PATHS = "$(inherited) @executable_path/Frameworks @loader_path/Frameworks";
				PRODUCT_NAME = "$(TARGET_NAME)";
				TEST_HOST = "$(BUILT_PRODUCTS_DIR)/SizeClasses.app/SizeClasses";
			};
			name = Release;
		};
/* End XCBuildConfiguration section */

/* Begin XCConfigurationList section */
		A9302DA11B0E055800DCCC20 /* Build configuration list for PBXProject "SizeClasses" */ = {
			isa = XCConfigurationList;
			buildConfigurations = (
				A9302DC31B0E055900DCCC20 /* Debug */,
				A9302DC41B0E055900DCCC20 /* Release */,
			);
			defaultConfigurationIsVisible = 0;
			defaultConfigurationName = Release;
		};
		A9302DC51B0E055900DCCC20 /* Build configuration list for PBXNativeTarget "SizeClasses" */ = {
			isa = XCConfigurationList;
			buildConfigurations = (
				A9302DC61B0E055900DCCC20 /* Debug */,
				A9302DC71B0E055900DCCC20 /* Release */,
			);
			defaultConfigurationIsVisible = 0;
		};
		A9302DC81B0E055900DCCC20 /* Build configuration list for PBXNativeTarget "SizeClassesTests" */ = {
			isa = XCConfigurationList;
			buildConfigurations = (
				A9302DC91B0E055900DCCC20 /* Debug */,
				A9302DCA1B0E055900DCCC20 /* Release */,
			);
			defaultConfigurationIsVisible = 0;
		};
/* End XCConfigurationList section */
	};
	rootObject = A9302D9E1B0E055800DCCC20 /* Project object */;
}
